
Microsoft Visual Studio Solution File, Format Version 12.00
# Visual Studio 15
VisualStudioVersion = 15.0.27703.2042
MinimumVisualStudioVersion = 10.0.40219.1
Project("{9A19103F-16F7-4668-BE54-9A1E7A4F7556}") = "AstroBit.Console", "AstroBit.Console\AstroBit.Console.csproj", "{6F01AF41-4C3A-426D-89D2-E41F8E45DA7D}"
EndProject
Project("{9A19103F-16F7-4668-BE54-9A1E7A4F7556}") = "AstroBit.Test", "AstroBit.Test\AstroBit.Test.csproj", "{2E5051A6-5460-438E-B932-F9240198F2C4}"
EndProject
Project("{9A19103F-16F7-4668-BE54-9A1E7A4F7556}") = "AstroBit", "AstroBit\AstroBit.csproj", "{660D73BF-0DBC-4349-95A7-4C767EF98A97}"
EndProject
Project("{9A19103F-16F7-4668-BE54-9A1E7A4F7556}") = "AstroBit.EphemerisDBUpdator", "AstroBit.EphemerisDBUpdator\AstroBit.EphemerisDBUpdator.csproj", "{E7AA2581-46A0-4019-94AC-DDD16EE452FF}"
EndProject
Project("{FAE04EC0-301F-11D3-BF4B-00C04F79EFBC}") = "AstroBit.EphemerisDBBuilder", "AstroBit.EphemerisDBBuilder\AstroBit.EphemerisDBBuilder.csproj", "{8A1656D4-F2AF-48A8-B09D-9EC112DAE6C2}"
EndProject
Global
	GlobalSection(SolutionConfigurationPlatforms) = preSolution
		Debug|Any CPU = Debug|Any CPU
		Release|Any CPU = Release|Any CPU
	EndGlobalSection
	GlobalSection(ProjectConfigurationPlatforms) = postSolution
		{6F01AF41-4C3A-426D-89D2-E41F8E45DA7D}.Debug|Any CPU.ActiveCfg = Debug|Any CPU
		{6F01AF41-4C3A-426D-89D2-E41F8E45DA7D}.Debug|Any CPU.Build.0 = Debug|Any CPU
		{6F01AF41-4C3A-426D-89D2-E41F8E45DA7D}.Release|Any CPU.ActiveCfg = Release|Any CPU
		{6F01AF41-4C3A-426D-89D2-E41F8E45DA7D}.Release|Any CPU.Build.0 = Release|Any CPU
		{2E5051A6-5460-438E-B932-F9240198F2C4}.Debug|Any CPU.ActiveCfg = Debug|Any CPU
		{2E5051A6-5460-438E-B932-F9240198F2C4}.Debug|Any CPU.Build.0 = Debug|Any CPU
		{2E5051A6-5460-438E-B932-F9240198F2C4}.Release|Any CPU.ActiveCfg = Release|Any CPU
		{2E5051A6-5460-438E-B932-F9240198F2C4}.Release|Any CPU.Build.0 = Release|Any CPU
		{660D73BF-0DBC-4349-95A7-4C767EF98A97}.Debug|Any CPU.ActiveCfg = Debug|Any CPU
		{660D73BF-0DBC-4349-95A7-4C767EF98A97}.Debug|Any CPU.Build.0 = Debug|Any CPU
		{660D73BF-0DBC-4349-95A7-4C767EF98A97}.Release|Any CPU.ActiveCfg = Release|Any CPU
		{660D73BF-0DBC-4349-95A7-4C767EF98A97}.Release|Any CPU.Build.0 = Release|Any CPU
		{E7AA2581-46A0-4019-94AC-DDD16EE452FF}.Debug|Any CPU.ActiveCfg = Debug|Any CPU
		{E7AA2581-46A0-4019-94AC-DDD16EE452FF}.Debug|Any CPU.Build.0 = Debug|Any CPU
		{E7AA2581-46A0-4019-94AC-DDD16EE452FF}.Release|Any CPU.ActiveCfg = Release|Any CPU
		{E7AA2581-46A0-4019-94AC-DDD16EE452FF}.Release|Any CPU.Build.0 = Release|Any CPU
		{8A1656D4-F2AF-48A8-B09D-9EC112DAE6C2}.Debug|Any CPU.ActiveCfg = Debug|Any CPU
		{8A1656D4-F2AF-48A8-B09D-9EC112DAE6C2}.Debug|Any CPU.Build.0 = Debug|Any CPU
		{8A1656D4-F2AF-48A8-B09D-9EC112DAE6C2}.Release|Any CPU.ActiveCfg = Release|Any CPU
		{8A1656D4-F2AF-48A8-B09D-9EC112DAE6C2}.Release|Any CPU.Build.0 = Release|Any CPU
	EndGlobalSection
	GlobalSection(SolutionProperties) = preSolution
		HideSolutionNode = FALSE
	EndGlobalSection
	GlobalSection(ExtensibilityGlobals) = postSolution
		SolutionGuid = {855A8261-FBFC-456F-8C03-C3213A7187B3}
	EndGlobalSection
EndGlobal
